
Microsoft Visual Studio Solution File, Format Version 12.00
# Visual Studio Version 17
VisualStudioVersion = 17.6.33815.320
MinimumVisualStudioVersion = 10.0.40219.1
Project("{9A19103F-16F7-4668-BE54-9A1E7A4F7556}") = "SpaceApi", "SpaceApi\SpaceApi.csproj", "{4C0685EA-0298-47AF-A531-1D6F524B9E76}"
EndProject
Project("{FAE04EC0-301F-11D3-BF4B-00C04F79EFBC}") = "SpaceApiTests", "SpaceApiTests\SpaceApiTests.csproj", "{3464C518-F951-4A45-BEBC-B3A18DC4CA22}"
EndProject
Global
	GlobalSection(SolutionConfigurationPlatforms) = preSolution
		Debug|Any CPU = Debug|Any CPU
		Release|Any CPU = Release|Any CPU
	EndGlobalSection
	GlobalSection(ProjectConfigurationPlatforms) = postSolution
		{4C0685EA-0298-47AF-A531-1D6F524B9E76}.Debug|Any CPU.ActiveCfg = Debug|Any CPU
		{4C0685EA-0298-47AF-A531-1D6F524B9E76}.Debug|Any CPU.Build.0 = Debug|Any CPU
		{4C0685EA-0298-47AF-A531-1D6F524B9E76}.Release|Any CPU.ActiveCfg = Release|Any CPU
		{4C0685EA-0298-47AF-A531-1D6F524B9E76}.Release|Any CPU.Build.0 = Release|Any CPU
		{3464C518-F951-4A45-BEBC-B3A18DC4CA22}.Debug|Any CPU.ActiveCfg = Debug|Any CPU
		{3464C518-F951-4A45-BEBC-B3A18DC4CA22}.Debug|Any CPU.Build.0 = Debug|Any CPU
		{3464C518-F951-4A45-BEBC-B3A18DC4CA22}.Release|Any CPU.ActiveCfg = Release|Any CPU
		{3464C518-F951-4A45-BEBC-B3A18DC4CA22}.Release|Any CPU.Build.0 = Release|Any CPU
	EndGlobalSection
	GlobalSection(SolutionProperties) = preSolution
		HideSolutionNode = FALSE
	EndGlobalSection
	GlobalSection(ExtensibilityGlobals) = postSolution
		SolutionGuid = {5F8F26A8-A32A-4C1B-A79E-3DFFB04E5EFC}
	EndGlobalSection
EndGlobal
